
Microsoft Visual Studio Solution File, Format Version 12.00
# Visual Studio Version 17
VisualStudioVersion = 17.11.35327.3
MinimumVisualStudioVersion = 10.0.40219.1
Project("{FAE04EC0-301F-11D3-BF4B-00C04F79EFBC}") = "WildExcelLoader", "WildExcelLoader\WildExcelLoader.csproj", "{A42D86BE-ACC5-497A-9494-FC7BA524BE11}"
EndProject
Project("{FAE04EC0-301F-11D3-BF4B-00C04F79EFBC}") = "EFCore_DBLibrary", "EFCore_DBLibrary\EFCore_DBLibrary.csproj", "{AAAB6E4B-54F8-444C-9134-24AB51B997EB}"
EndProject
Global
	GlobalSection(SolutionConfigurationPlatforms) = preSolution
		Debug|Any CPU = Debug|Any CPU
		Release|Any CPU = Release|Any CPU
	EndGlobalSection
	GlobalSection(ProjectConfigurationPlatforms) = postSolution
		{A42D86BE-ACC5-497A-9494-FC7BA524BE11}.Debug|Any CPU.ActiveCfg = Debug|Any CPU
		{A42D86BE-ACC5-497A-9494-FC7BA524BE11}.Debug|Any CPU.Build.0 = Debug|Any CPU
		{A42D86BE-ACC5-497A-9494-FC7BA524BE11}.Release|Any CPU.ActiveCfg = Release|Any CPU
		{A42D86BE-ACC5-497A-9494-FC7BA524BE11}.Release|Any CPU.Build.0 = Release|Any CPU
		{AAAB6E4B-54F8-444C-9134-24AB51B997EB}.Debug|Any CPU.ActiveCfg = Debug|Any CPU
		{AAAB6E4B-54F8-444C-9134-24AB51B997EB}.Debug|Any CPU.Build.0 = Debug|Any CPU
		{AAAB6E4B-54F8-444C-9134-24AB51B997EB}.Release|Any CPU.ActiveCfg = Release|Any CPU
		{AAAB6E4B-54F8-444C-9134-24AB51B997EB}.Release|Any CPU.Build.0 = Release|Any CPU
	EndGlobalSection
	GlobalSection(SolutionProperties) = preSolution
		HideSolutionNode = FALSE
	EndGlobalSection
	GlobalSection(ExtensibilityGlobals) = postSolution
		SolutionGuid = {F17DC788-26CD-4E58-96F9-926540128E03}
	EndGlobalSection
EndGlobal
